
Microsoft Visual Studio Solution File, Format Version 12.00
# Visual Studio Version 16
VisualStudioVersion = 25.0.1704.0
MinimumVisualStudioVersion = 10.0.40219.1
Project("{FAE04EC0-301F-11D3-BF4B-00C04F79EFBC}") = "LINQ 1", "LINQ 1\LINQ 1.csproj", "{60A6DC54-CDCE-43B2-848E-3151C88182A9}"
EndProject
Global
	GlobalSection(SolutionConfigurationPlatforms) = preSolution
		Debug|Any CPU = Debug|Any CPU
		Release|Any CPU = Release|Any CPU
	EndGlobalSection
	GlobalSection(ProjectConfigurationPlatforms) = postSolution
		{60A6DC54-CDCE-43B2-848E-3151C88182A9}.Debug|Any CPU.ActiveCfg = Debug|Any CPU
		{60A6DC54-CDCE-43B2-848E-3151C88182A9}.Debug|Any CPU.Build.0 = Debug|Any CPU
		{60A6DC54-CDCE-43B2-848E-3151C88182A9}.Release|Any CPU.ActiveCfg = Release|Any CPU
		{60A6DC54-CDCE-43B2-848E-3151C88182A9}.Release|Any CPU.Build.0 = Release|Any CPU
	EndGlobalSection
	GlobalSection(SolutionProperties) = preSolution
		HideSolutionNode = FALSE
	EndGlobalSection
	GlobalSection(ExtensibilityGlobals) = postSolution
		SolutionGuid = {D7658981-1F84-4C64-A95D-9773B8C5A02C}
	EndGlobalSection
EndGlobal
